{
  "version": 4,
  "terraform_version": "1.13.5",
  "serial": 16,
  "lineage": "72ec9df1-56fb-0d1a-85f1-73757f7d1bcb",
  "outputs": {},
  "resources": [
    {
      "mode": "data",
      "type": "terraform_remote_state",
      "name": "stage1",
      "provider": "provider[\"terraform.io/builtin/terraform\"]",
      "instances": [
        {
          "schema_version": 0,
          "attributes": {
            "backend": "local",
            "config": {
              "value": {
                "path": "/home/azureuser/terra-arch-v1/stage1/terraform.tfstate"
              },
              "type": [
                "object",
                {
                  "path": "string"
                }
              ]
            },
            "defaults": null,
            "outputs": {
              "value": {
                "primary_rg": "rg-ha-dr-primary-z52lt",
                "primary_rg_location": "eastus2",
                "primary_vnet": "vnet-ha-dr-primary",
                "primary_web_subnet_id": "/subscriptions/dd017b8f-e7e9-4fba-b968-afbc7c081049/resourceGroups/rg-ha-dr-primary-z52lt/providers/Microsoft.Network/virtualNetworks/vnet-ha-dr-primary/subnets/snet-web"
              },
              "type": [
                "object",
                {
                  "primary_rg": "string",
                  "primary_rg_location": "string",
                  "primary_vnet": "string",
                  "primary_web_subnet_id": "string"
                }
              ]
            },
            "workspace": null
          },
          "sensitive_attributes": [],
          "identity_schema_version": 0
        }
      ]
    },
    {
      "mode": "data",
      "type": "terraform_remote_state",
      "name": "stage2",
      "provider": "provider[\"terraform.io/builtin/terraform\"]",
      "instances": [
        {
          "schema_version": 0,
          "attributes": {
            "backend": "local",
            "config": {
              "value": {
                "path": "/home/azureuser/terra-arch-v1/stage2/terraform.tfstate"
              },
              "type": [
                "object",
                {
                  "path": "string"
                }
              ]
            },
            "defaults": null,
            "outputs": {
              "value": {
                "vm_public_ip": "20.10.17.109",
                "vm_public_ip_id": "/subscriptions/dd017b8f-e7e9-4fba-b968-afbc7c081049/resourceGroups/rg-ha-dr-primary-z52lt/providers/Microsoft.Network/publicIPAddresses/pip-ha-dr-web-hhnx"
              },
              "type": [
                "object",
                {
                  "vm_public_ip": "string",
                  "vm_public_ip_id": "string"
                }
              ]
            },
            "workspace": null
          },
          "sensitive_attributes": [],
          "identity_schema_version": 0
        }
      ]
    },
    {
      "mode": "managed",
      "type": "azurerm_lb",
      "name": "web_lb",
      "provider": "provider[\"registry.terraform.io/hashicorp/azurerm\"]",
      "instances": [
        {
          "schema_version": 0,
          "attributes": {
            "edge_zone": "",
            "frontend_ip_configuration": [
              {
                "gateway_load_balancer_frontend_ip_configuration_id": "",
                "id": "/subscriptions/dd017b8f-e7e9-4fba-b968-afbc7c081049/resourceGroups/rg-ha-dr-primary-z52lt/providers/Microsoft.Network/loadBalancers/lb-ha-dr-web-xmrw/frontendIPConfigurations/public-fe",
                "inbound_nat_rules": [],
                "load_balancer_rules": [],
                "name": "public-fe",
                "outbound_rules": [],
                "private_ip_address": "",
                "private_ip_address_allocation": "Dynamic",
                "private_ip_address_version": "",
                "public_ip_address_id": "/subscriptions/dd017b8f-e7e9-4fba-b968-afbc7c081049/resourceGroups/rg-ha-dr-primary-z52lt/providers/Microsoft.Network/publicIPAddresses/pip-ha-dr-lb-xmrw",
                "public_ip_prefix_id": "",
                "subnet_id": "",
                "zones": null
              }
            ],
            "id": "/subscriptions/dd017b8f-e7e9-4fba-b968-afbc7c081049/resourceGroups/rg-ha-dr-primary-z52lt/providers/Microsoft.Network/loadBalancers/lb-ha-dr-web-xmrw",
            "location": "eastus2",
            "name": "lb-ha-dr-web-xmrw",
            "private_ip_address": "",
            "private_ip_addresses": [],
            "public_ip_address_id": null,
            "resource_group_name": "rg-ha-dr-primary-z52lt",
            "sku": "Standard",
            "sku_tier": "Regional",
            "subnet_id": null,
            "tags": null,
            "timeouts": null
          },
          "sensitive_attributes": [],
          "identity_schema_version": 0,
          "private": "eyJlMmJmYjczMC1lY2FhLTExZTYtOGY4OC0zNDM2M2JjN2M0YzAiOnsiY3JlYXRlIjoxODAwMDAwMDAwMDAwLCJkZWxldGUiOjE4MDAwMDAwMDAwMDAsInJlYWQiOjMwMDAwMDAwMDAwMCwidXBkYXRlIjoxODAwMDAwMDAwMDAwfX0=",
          "dependencies": [
            "azurerm_public_ip.lb_pip",
            "data.terraform_remote_state.stage1",
            "random_string.sfx"
          ]
        }
      ]
    },
    {
      "mode": "managed",
      "type": "azurerm_lb_backend_address_pool",
      "name": "web_pool",
      "provider": "provider[\"registry.terraform.io/hashicorp/azurerm\"]",
      "instances": [
        {
          "schema_version": 0,
          "attributes": {
            "backend_ip_configurations": [],
            "id": "/subscriptions/dd017b8f-e7e9-4fba-b968-afbc7c081049/resourceGroups/rg-ha-dr-primary-z52lt/providers/Microsoft.Network/loadBalancers/lb-ha-dr-web-xmrw/backendAddressPools/web-bepool",
            "inbound_nat_rules": [],
            "load_balancing_rules": [],
            "loadbalancer_id": "/subscriptions/dd017b8f-e7e9-4fba-b968-afbc7c081049/resourceGroups/rg-ha-dr-primary-z52lt/providers/Microsoft.Network/loadBalancers/lb-ha-dr-web-xmrw",
            "name": "web-bepool",
            "outbound_rules": [],
            "synchronous_mode": "",
            "timeouts": null,
            "tunnel_interface": [],
            "virtual_network_id": ""
          },
          "sensitive_attributes": [],
          "identity_schema_version": 0,
          "private": "eyJlMmJmYjczMC1lY2FhLTExZTYtOGY4OC0zNDM2M2JjN2M0YzAiOnsiY3JlYXRlIjoxODAwMDAwMDAwMDAwLCJkZWxldGUiOjE4MDAwMDAwMDAwMDAsInJlYWQiOjMwMDAwMDAwMDAwMCwidXBkYXRlIjoxODAwMDAwMDAwMDAwfX0=",
          "dependencies": [
            "azurerm_lb.web_lb",
            "azurerm_public_ip.lb_pip",
            "data.terraform_remote_state.stage1",
            "random_string.sfx"
          ]
        }
      ]
    },
    {
      "mode": "managed",
      "type": "azurerm_lb_probe",
      "name": "http",
      "provider": "provider[\"registry.terraform.io/hashicorp/azurerm\"]",
      "instances": [
        {
          "schema_version": 0,
          "attributes": {
            "id": "/subscriptions/dd017b8f-e7e9-4fba-b968-afbc7c081049/resourceGroups/rg-ha-dr-primary-z52lt/providers/Microsoft.Network/loadBalancers/lb-ha-dr-web-xmrw/probes/http",
            "interval_in_seconds": 15,
            "load_balancer_rules": [],
            "loadbalancer_id": "/subscriptions/dd017b8f-e7e9-4fba-b968-afbc7c081049/resourceGroups/rg-ha-dr-primary-z52lt/providers/Microsoft.Network/loadBalancers/lb-ha-dr-web-xmrw",
            "name": "http",
            "number_of_probes": 2,
            "port": 80,
            "probe_threshold": 1,
            "protocol": "Tcp",
            "request_path": "",
            "timeouts": null
          },
          "sensitive_attributes": [],
          "identity_schema_version": 0,
          "private": "eyJlMmJmYjczMC1lY2FhLTExZTYtOGY4OC0zNDM2M2JjN2M0YzAiOnsiY3JlYXRlIjoxODAwMDAwMDAwMDAwLCJkZWxldGUiOjE4MDAwMDAwMDAwMDAsInJlYWQiOjMwMDAwMDAwMDAwMCwidXBkYXRlIjoxODAwMDAwMDAwMDAwfX0=",
          "dependencies": [
            "azurerm_lb.web_lb",
            "azurerm_public_ip.lb_pip",
            "data.terraform_remote_state.stage1",
            "random_string.sfx"
          ]
        }
      ]
    },
    {
      "mode": "managed",
      "type": "azurerm_lb_rule",
      "name": "http_rule",
      "provider": "provider[\"registry.terraform.io/hashicorp/azurerm\"]",
      "instances": [
        {
          "schema_version": 0,
          "attributes": {
            "backend_address_pool_ids": [
              "/subscriptions/dd017b8f-e7e9-4fba-b968-afbc7c081049/resourceGroups/rg-ha-dr-primary-z52lt/providers/Microsoft.Network/loadBalancers/lb-ha-dr-web-xmrw/backendAddressPools/web-bepool"
            ],
            "backend_port": 80,
            "disable_outbound_snat": false,
            "enable_floating_ip": false,
            "enable_tcp_reset": false,
            "floating_ip_enabled": false,
            "frontend_ip_configuration_id": "/subscriptions/dd017b8f-e7e9-4fba-b968-afbc7c081049/resourceGroups/rg-ha-dr-primary-z52lt/providers/Microsoft.Network/loadBalancers/lb-ha-dr-web-xmrw/frontendIPConfigurations/public-fe",
            "frontend_ip_configuration_name": "public-fe",
            "frontend_port": 80,
            "id": "/subscriptions/dd017b8f-e7e9-4fba-b968-afbc7c081049/resourceGroups/rg-ha-dr-primary-z52lt/providers/Microsoft.Network/loadBalancers/lb-ha-dr-web-xmrw/loadBalancingRules/http-80",
            "idle_timeout_in_minutes": 4,
            "load_distribution": "Default",
            "loadbalancer_id": "/subscriptions/dd017b8f-e7e9-4fba-b968-afbc7c081049/resourceGroups/rg-ha-dr-primary-z52lt/providers/Microsoft.Network/loadBalancers/lb-ha-dr-web-xmrw",
            "name": "http-80",
            "probe_id": "/subscriptions/dd017b8f-e7e9-4fba-b968-afbc7c081049/resourceGroups/rg-ha-dr-primary-z52lt/providers/Microsoft.Network/loadBalancers/lb-ha-dr-web-xmrw/probes/http",
            "protocol": "Tcp",
            "tcp_reset_enabled": false,
            "timeouts": null
          },
          "sensitive_attributes": [],
          "identity_schema_version": 0,
          "private": "eyJlMmJmYjczMC1lY2FhLTExZTYtOGY4OC0zNDM2M2JjN2M0YzAiOnsiY3JlYXRlIjoxODAwMDAwMDAwMDAwLCJkZWxldGUiOjE4MDAwMDAwMDAwMDAsInJlYWQiOjMwMDAwMDAwMDAwMCwidXBkYXRlIjoxODAwMDAwMDAwMDAwfX0=",
          "dependencies": [
            "azurerm_lb.web_lb",
            "azurerm_lb_backend_address_pool.web_pool",
            "azurerm_lb_probe.http",
            "azurerm_public_ip.lb_pip",
            "data.terraform_remote_state.stage1",
            "random_string.sfx"
          ]
        }
      ]
    },
    {
      "mode": "managed",
      "type": "azurerm_linux_virtual_machine",
      "name": "web_vm",
      "provider": "provider[\"registry.terraform.io/hashicorp/azurerm\"]",
      "instances": [
        {
          "index_key": 0,
          "schema_version": 0,
          "attributes": {
            "additional_capabilities": [],
            "admin_password": null,
            "admin_ssh_key": [
              {
                "public_key": "ssh-rsa AAAAB3NzaC1yc2EAAAADAQABAAACAQDPoXrZzNo/VJWN+0I2rXppC070t6BjSRkZ7QQUM4HckBUWo4FrQ/cenyxxOBBN91+zL3I3irOl7/iACbfer07BrbXK4o+RM/7M2M82adcrQOjJxY40Wtq7iDFfAYTA1q8S3RSJo2TmwHHg7X1G9vQjGCfWrcX6QJxSecRSR862wTHF4idv7fVYPz9fmWux358CtfA7n9B5uMSkHiqD/4bjhLnI0Ba7aoQW5gzW7DyCedcPjxBBTAE/oJpWnRGqBzjLGRUBWruAQkSiq9O/la7k3vfKyg+2zxBeccIhbVzugEm65PLhA39Sl6fnnAPY7D6HTIEMiHvmCZTV3ZS3QZbbhgyVBNNtHcRJyNCXbW/bLU5pGKZw7BOEOtsrGdWCgqyvyN6WP3QFaiVQVoF4cnuVUwkAFkrY2FGfYD/MWJrtjdvNi9rUz+kvAgamQrnm73Y0pM/hGYyP854Zwku86ofr1uV5OdHqXn5/0RlVjC/YqEsuLMPQzGimILQB1Eb5YM2vgi3Rcz10rSl+vzUUXJQqUoDT3BuT4SACi1wp/m5esIZcxVdCu6/Xk9gJcw/ocV8lpaWROCZLnyxSQiGkn28CqiAP55kvMiJ/knV3KE1+gkRl+MKIomnq06Ll5skUy5bFSMFzWXYb9gzi1Gjuw7mqSij6328eNshmFagYbyiuyQ==\n",
                "username": "azureuser"
              }
            ],
            "admin_username": "azureuser",
            "allow_extension_operations": true,
            "availability_set_id": "",
            "boot_diagnostics": [],
            "bypass_platform_safety_checks_on_user_schedule_enabled": false,
            "capacity_reservation_group_id": "",
            "computer_name": "vm-ha-dr-web-0-xmrw",
            "custom_data": "I2Nsb3VkLWNvbmZpZwpwYWNrYWdlX3VwZGF0ZTogdHJ1ZQpwYWNrYWdlczoKICAtIG5naW54CnJ1bmNtZDoKICAtIHN5c3RlbWN0bCBlbmFibGUgbmdpbngKICAtIHN5c3RlbWN0bCBzdGFydCBuZ2lueAogIC0gYmFzaCAtbGMgJ2VjaG8gIjxoMT5oYS1kciAtICQoaG9zdG5hbWUpPC9oMT4iID4gL3Zhci93d3cvaHRtbC9pbmRleC5uZ2lueC1kZWJpYW4uaHRtbCcK",
            "dedicated_host_group_id": "",
            "dedicated_host_id": "",
            "disable_password_authentication": true,
            "disk_controller_type": "",
            "edge_zone": "",
            "encryption_at_host_enabled": false,
            "eviction_policy": "",
            "extensions_time_budget": "PT1H30M",
            "gallery_application": [],
            "id": "/subscriptions/dd017b8f-e7e9-4fba-b968-afbc7c081049/resourceGroups/rg-ha-dr-primary-z52lt/providers/Microsoft.Compute/virtualMachines/vm-ha-dr-web-0-xmrw",
            "identity": [],
            "license_type": "",
            "location": "eastus2",
            "max_bid_price": -1,
            "name": "vm-ha-dr-web-0-xmrw",
            "network_interface_ids": [
              "/subscriptions/dd017b8f-e7e9-4fba-b968-afbc7c081049/resourceGroups/rg-ha-dr-primary-z52lt/providers/Microsoft.Network/networkInterfaces/nic-ha-dr-web-0-xmrw"
            ],
            "os_disk": [
              {
                "caching": "ReadWrite",
                "diff_disk_settings": [],
                "disk_encryption_set_id": "",
                "disk_size_gb": 30,
                "id": "/subscriptions/dd017b8f-e7e9-4fba-b968-afbc7c081049/resourceGroups/rg-ha-dr-primary-z52lt/providers/Microsoft.Compute/disks/vm-ha-dr-web-0-xmrw_OsDisk_1_ce353c5ea1164851b841aabba22175df",
                "name": "vm-ha-dr-web-0-xmrw_OsDisk_1_ce353c5ea1164851b841aabba22175df",
                "secure_vm_disk_encryption_set_id": "",
                "security_encryption_type": "",
                "storage_account_type": "Standard_LRS",
                "write_accelerator_enabled": false
              }
            ],
            "os_image_notification": [],
            "os_managed_disk_id": "/subscriptions/dd017b8f-e7e9-4fba-b968-afbc7c081049/resourceGroups/rg-ha-dr-primary-z52lt/providers/Microsoft.Compute/disks/vm-ha-dr-web-0-xmrw_OsDisk_1_ce353c5ea1164851b841aabba22175df",
            "patch_assessment_mode": "ImageDefault",
            "patch_mode": "ImageDefault",
            "plan": [],
            "platform_fault_domain": -1,
            "priority": "Regular",
            "private_ip_address": "10.0.1.5",
            "private_ip_addresses": [
              "10.0.1.5"
            ],
            "provision_vm_agent": true,
            "proximity_placement_group_id": "",
            "public_ip_address": "",
            "public_ip_addresses": [],
            "reboot_setting": "",
            "resource_group_name": "rg-ha-dr-primary-z52lt",
            "secret": [],
            "secure_boot_enabled": false,
            "size": "Standard_B1ms",
            "source_image_id": "",
            "source_image_reference": [
              {
                "offer": "0001-com-ubuntu-server-jammy",
                "publisher": "Canonical",
                "sku": "22_04-lts",
                "version": "latest"
              }
            ],
            "tags": {},
            "termination_notification": [],
            "timeouts": null,
            "user_data": "",
            "virtual_machine_id": "2b11347d-4b65-43d3-8c4f-ffd61e9dcd0f",
            "virtual_machine_scale_set_id": "",
            "vm_agent_platform_updates_enabled": false,
            "vtpm_enabled": false,
            "zone": "1"
          },
          "sensitive_attributes": [
            [
              {
                "type": "get_attr",
                "value": "admin_password"
              }
            ],
            [
              {
                "type": "get_attr",
                "value": "custom_data"
              }
            ]
          ],
          "identity_schema_version": 0,
          "private": "eyJlMmJmYjczMC1lY2FhLTExZTYtOGY4OC0zNDM2M2JjN2M0YzAiOnsiY3JlYXRlIjoyNzAwMDAwMDAwMDAwLCJkZWxldGUiOjI3MDAwMDAwMDAwMDAsInJlYWQiOjMwMDAwMDAwMDAwMCwidXBkYXRlIjoyNzAwMDAwMDAwMDAwfX0=",
          "dependencies": [
            "azurerm_network_interface.web_nic",
            "data.terraform_remote_state.stage1",
            "random_string.sfx",
            "tls_private_key.vm_key"
          ]
        }
      ]
    },
    {
      "mode": "managed",
      "type": "azurerm_network_interface",
      "name": "web_nic",
      "provider": "provider[\"registry.terraform.io/hashicorp/azurerm\"]",
      "instances": [
        {
          "index_key": 0,
          "schema_version": 0,
          "attributes": {
            "accelerated_networking_enabled": false,
            "applied_dns_servers": [],
            "auxiliary_mode": "",
            "auxiliary_sku": "",
            "dns_servers": [],
            "edge_zone": "",
            "id": "/subscriptions/dd017b8f-e7e9-4fba-b968-afbc7c081049/resourceGroups/rg-ha-dr-primary-z52lt/providers/Microsoft.Network/networkInterfaces/nic-ha-dr-web-0-xmrw",
            "internal_dns_name_label": "",
            "internal_domain_name_suffix": "o0eaeu345h5ujamzeezxowhqpd.cx.internal.cloudapp.net",
            "ip_configuration": [
              {
                "gateway_load_balancer_frontend_ip_configuration_id": "",
                "name": "primary",
                "primary": true,
                "private_ip_address": "10.0.1.5",
                "private_ip_address_allocation": "Dynamic",
                "private_ip_address_version": "IPv4",
                "public_ip_address_id": "",
                "subnet_id": "/subscriptions/dd017b8f-e7e9-4fba-b968-afbc7c081049/resourceGroups/rg-ha-dr-primary-z52lt/providers/Microsoft.Network/virtualNetworks/vnet-ha-dr-primary/subnets/snet-web"
              }
            ],
            "ip_forwarding_enabled": false,
            "location": "eastus2",
            "mac_address": "7C-1E-52-C5-A8-E9",
            "name": "nic-ha-dr-web-0-xmrw",
            "private_ip_address": "10.0.1.5",
            "private_ip_addresses": [
              "10.0.1.5"
            ],
            "resource_group_name": "rg-ha-dr-primary-z52lt",
            "tags": {},
            "timeouts": null,
            "virtual_machine_id": "/subscriptions/dd017b8f-e7e9-4fba-b968-afbc7c081049/resourceGroups/rg-ha-dr-primary-z52lt/providers/Microsoft.Compute/virtualMachines/vm-ha-dr-web-0-xmrw"
          },
          "sensitive_attributes": [],
          "identity_schema_version": 0,
          "identity": {
            "name": "nic-ha-dr-web-0-xmrw",
            "resource_group_name": "rg-ha-dr-primary-z52lt",
            "subscription_id": "dd017b8f-e7e9-4fba-b968-afbc7c081049"
          },
          "private": "eyJlMmJmYjczMC1lY2FhLTExZTYtOGY4OC0zNDM2M2JjN2M0YzAiOnsiY3JlYXRlIjoxODAwMDAwMDAwMDAwLCJkZWxldGUiOjE4MDAwMDAwMDAwMDAsInJlYWQiOjMwMDAwMDAwMDAwMCwidXBkYXRlIjoxODAwMDAwMDAwMDAwfX0=",
          "dependencies": [
            "data.terraform_remote_state.stage1",
            "random_string.sfx"
          ]
        }
      ]
    },
    {
      "mode": "managed",
      "type": "azurerm_network_interface_backend_address_pool_association",
      "name": "nic_to_pool",
      "provider": "provider[\"registry.terraform.io/hashicorp/azurerm\"]",
      "instances": [
        {
          "index_key": 0,
          "schema_version": 0,
          "attributes": {
            "backend_address_pool_id": "/subscriptions/dd017b8f-e7e9-4fba-b968-afbc7c081049/resourceGroups/rg-ha-dr-primary-z52lt/providers/Microsoft.Network/loadBalancers/lb-ha-dr-web-xmrw/backendAddressPools/web-bepool",
            "id": "/subscriptions/dd017b8f-e7e9-4fba-b968-afbc7c081049/resourceGroups/rg-ha-dr-primary-z52lt/providers/Microsoft.Network/networkInterfaces/nic-ha-dr-web-0-xmrw/ipConfigurations/primary|/subscriptions/dd017b8f-e7e9-4fba-b968-afbc7c081049/resourceGroups/rg-ha-dr-primary-z52lt/providers/Microsoft.Network/loadBalancers/lb-ha-dr-web-xmrw/backendAddressPools/web-bepool",
            "ip_configuration_name": "primary",
            "network_interface_id": "/subscriptions/dd017b8f-e7e9-4fba-b968-afbc7c081049/resourceGroups/rg-ha-dr-primary-z52lt/providers/Microsoft.Network/networkInterfaces/nic-ha-dr-web-0-xmrw",
            "timeouts": null
          },
          "sensitive_attributes": [],
          "identity_schema_version": 0,
          "private": "eyJlMmJmYjczMC1lY2FhLTExZTYtOGY4OC0zNDM2M2JjN2M0YzAiOnsiY3JlYXRlIjoxODAwMDAwMDAwMDAwLCJkZWxldGUiOjE4MDAwMDAwMDAwMDAsInJlYWQiOjMwMDAwMDAwMDAwMH19",
          "dependencies": [
            "azurerm_lb.web_lb",
            "azurerm_lb_backend_address_pool.web_pool",
            "azurerm_network_interface.web_nic",
            "azurerm_public_ip.lb_pip",
            "data.terraform_remote_state.stage1",
            "random_string.sfx"
          ]
        }
      ]
    },
    {
      "mode": "managed",
      "type": "azurerm_public_ip",
      "name": "lb_pip",
      "provider": "provider[\"registry.terraform.io/hashicorp/azurerm\"]",
      "instances": [
        {
          "schema_version": 0,
          "attributes": {
            "allocation_method": "Static",
            "ddos_protection_mode": "VirtualNetworkInherited",
            "ddos_protection_plan_id": null,
            "domain_name_label": null,
            "domain_name_label_scope": null,
            "edge_zone": "",
            "fqdn": null,
            "id": "/subscriptions/dd017b8f-e7e9-4fba-b968-afbc7c081049/resourceGroups/rg-ha-dr-primary-z52lt/providers/Microsoft.Network/publicIPAddresses/pip-ha-dr-lb-xmrw",
            "idle_timeout_in_minutes": 4,
            "ip_address": "52.177.20.21",
            "ip_tags": null,
            "ip_version": "IPv4",
            "location": "eastus2",
            "name": "pip-ha-dr-lb-xmrw",
            "public_ip_prefix_id": null,
            "resource_group_name": "rg-ha-dr-primary-z52lt",
            "reverse_fqdn": null,
            "sku": "Standard",
            "sku_tier": "Regional",
            "tags": null,
            "timeouts": null,
            "zones": null
          },
          "sensitive_attributes": [],
          "identity_schema_version": 0,
          "private": "eyJlMmJmYjczMC1lY2FhLTExZTYtOGY4OC0zNDM2M2JjN2M0YzAiOnsiY3JlYXRlIjoxODAwMDAwMDAwMDAwLCJkZWxldGUiOjE4MDAwMDAwMDAwMDAsInJlYWQiOjMwMDAwMDAwMDAwMCwidXBkYXRlIjoxODAwMDAwMDAwMDAwfX0=",
          "dependencies": [
            "data.terraform_remote_state.stage1",
            "random_string.sfx"
          ]
        }
      ]
    },
    {
      "mode": "managed",
      "type": "local_sensitive_file",
      "name": "private_key",
      "provider": "provider[\"registry.terraform.io/hashicorp/local\"]",
      "instances": [
        {
          "schema_version": 0,
          "attributes": {
            "content": "-----BEGIN RSA PRIVATE KEY-----\nMIIJKQIBAAKCAgEAz6F62czaP1SVjftCNq16aQtO9LegY0kZGe0EFDOB3JAVFqOB\na0P3Hp8scTgQTfdfsy9yN4qzpe/4gAm33q9Owa21yuKPkTP+zNjPNmnXK0DoycWO\nNFrau4gxXwGEwNavEt0UiaNk5sBx4O19Rvb0Ixgn1q3F+kCcUnnEUkfOtsExxeIn\nb+31WD8/X5lrsd+fArXwO5/QebjEpB4qg/+G44S5yNAWu2qEFuYM1uw8gnnXD48Q\nQUwBP6CaVp0Rqgc4yxkVAVq7gEJEoqvTv5Wu5N73ysoPts8QXnHCIW1c7oBJuuTy\n4QN/Upen55wD2Ow+h0yBDIh75gmU1d2Ut0GW24YMlQTTbR3EScjQl21v2y1OaRim\ncOwThDrbKxnVgoKsr8jelj90BWolUFaBeHJ7lVMJABZK2NhRn2A/zFia7Y3bzYva\n1M/pLwIGpkK55u92NKTP4RmMj/OeGcJLvOqH69bleTnR6l5+f9EZVYwv2KhLLizD\n0MxopiC0AdRG+WDNr4It0XM9dK0pfr81FFyUKlKA09wbk+EgAotcKf5uXrCGXMVX\nQruv15PYCXMP6HFfJaWlkTgmS58sUkIhpJ9vAqogD+eZLzIif5J1dyhNfoJEZfjC\niKJp6tOi5ebJFMuWxUjBc1l2G/YM4tRo7sO5qkoo+t9vHjbIZhWoGG8orskCAwEA\nAQKCAgBguGdjCCNutvdIAZCRqfRI9KSeKOAFACs6QYfR5UCMP24jcp06G5oFYL6y\nKxylRSQGc4awSuNu3D+VXXGSwXVdkY8K6MlaKa97O1Ajl+BM3NrUCzw4NU6JZ2Mg\nT7PIpPk/P09u4neBaoph7h+arDWEF5+PSLnd3rUzUlfawGqSBaMq/DPE10OgDS53\nWR+q53HKMHitPcA+w4yOqyLBBIqQd+aXnh/IxFCt3hKDF98EJL/DFrDKyh4Wxri+\nukJdQyn4qkF3tQ19LOGOKZ7lM1Qad6dUhxYU4ZZNeI6nRauxyn8OGdLucNOh5NWp\ndarxJPPn0QKYlQeqXDJCAgth5qLf311qvkLrsFrFtbouCYTIFMSNOshEfxZ2rGAp\nS1JxV38zM4yq6cYze6Aigm8YzMi5Utj0roWajC3VJqiGaDbo7Azmo3UMwm8YFDKU\nvJzwI1IgvB81NpEihLIh9loTHrQLdvpOlZetNIGJjYdxwtikNZuL2N4IBN4KSocg\nCAYh0AIXb4IK6wv9LhOIukJxIJV2l6qELgcJYKiWrltzEFZlW2xAmJ1HjrvRilak\nukjvwvssZMAhiSM51UhQw/3/82TynzcWfpFXqQtWX8Za6R5QW5dz4nB5Z8SVpkcl\nEHdVtnx5nWDNr1iYL0oNmw4aVFX/0kp5hTPBMTBOehCWOgryxQKCAQEA4/Qr7IEa\nIEQeStbIqT8AaTjLPnhX2sQVCRmRdWoz8G+0HIzspcEnV2xuueQp36KXgo8TIQQ9\nVIVMKY1/ajVRwR11oo4+7n3KGOQ73GVP/ylg2v9pHMbhWoetFCf8zpurYHPakddm\n8LLGBpDwm1dz7iByZjBnVBckyKntozcIP4i1mv1B/9mW/qtuP5PNQ0nuC3pJgy1G\nfxWoZpFBeIkcAsDygfv5aVhjGjqNsO2OSYhtG6TA/VSayrrzWCdUxiurnWJKXGSK\n96d3mwtfBiE/wBE2fN0OPacSdrL+KoveIlxCLsFY6u4FsmvB7sIW5qPCYUp3/SsE\nfeM1SsJAYX/uuwKCAQEA6S0ye68PO7vXIUzvUBqaVfYNwOkVSoqc1FXKe8s0ukyo\nd1ldaAOKuz1jKZpJREEuFbAGM+eMmVIJd7yly1OC+II/UnbFXQfr456hUIXFwKj3\nZBURQkbEaPdgQd28dpfzhprDNZLLk3C55CaCHqsi+YNHvhLwbTUG4LPHgVoN1zOO\nS7PKFMk4Hkxdi8VOjaIn10nLDbHSp+IfyilO8eepSPBsi4otMDODNyRa0iDKxe44\n4RtmvQFpplR1DrMgzYp/vjsHISF8uKPW9flyTo4kOk5+MwPpB4o5FQq17/DJbvTT\n+OZCOlrXyPb61aNPSSnC6RfV/rUMqH02rRH3QkBaSwKCAQEAo027YdUjSFZEdUzl\nuAnAW6EqSXihR8INZ9V/VWReDTOZDpMOvbhgXMr7kASa0vGCJTAmfhKxdSmBZItP\n6mCETxqxuWC6SNSowahQEhYqdxvHnVw4izsXGmn0Xmo/PCxdW93jiXOM9Ya9Qtr2\n4/KExOVNz1OB0sY5vd+utKyqJgnkQEKK06Wn/I4Hj1htRnViKarTmzwGMujrGX+a\nLaXcAUUE9oXzKbr+VD36X/PvaVJpB9LBxzqjIfVIe7DBlK6YZUmTCBmnTMAWeWZu\nDtAnAYvTQySCHTzhh1O3rfdBjdAWQbSV5MfcIPP9nPRCv7w1dsmIqD/3GdB5zzLW\nOIMUHQKCAQAwgV9sDTmNAoE5AykRL8eFND8eLx5nuDfxj7skT1wzmPi+gw+EMKBu\nXNHA+MBe+3QbvNc9euBrkH45szuF9WRcT7PecqiRtrEiU4BZIMrHTh7QafWCJPh8\noWEbsoWe4fMdwBn1jgjdLejthfkxagZHg0CsUIJFJW+91Ige513Ts3zZUJgsBMOw\nwc//4FZ77gx9o3Mi8SfSFp7oTfmHJtq3OpRJ3r+RtFWKZfyik4G69NhOM4YGsUGK\nAS2sliSvvSzfpKXSBYZNXn+8AVz+7GCq5GMqN5kFIYLIVscMF7m/ZByoPTXvr7AN\ntRru0B8RKCfMl1HDv2PXtNxn2kHmPT7LAoIBAQDDpSIG2TN599RkrWxxv+LsO5MO\nG/soJ3mPg2wav+4j2ewZofWRkXK7GrpgqJHpB52j+l2xGsM3Op+DqFyVt8r6TTbm\n9tpZQ7nj8OnrHzBSmgnMhHYuinkDLRumzsFal/ZZksCgdr4PI95ByNKyYHIT4e17\nrgH2O6CHkmylWhscgFye6j5wK+XThSn8xqoMkCHI/ktij0ahy0LvYiVsW0roea4k\nF/wK9FZn/k8KORTuFlFNe1TIicpWAvCgd/XEqM+CiJNUVvVDr08aDCHZ9/f0XQqK\nui2mWn7e3CXPpXNvQ/bMBcxSWVqKcl9HWvEb9f/RAt255n/wXIrabkDSJmTN\n-----END RSA PRIVATE KEY-----\n",
            "content_base64": null,
            "content_base64sha256": "AnzDizDm0XCn3O5zHsRUSPAQpHSGCJEuuNatA7vvywU=",
            "content_base64sha512": "1olbqiA08scXK+tuxUsVF5TUlNeUquGyhAhWMX6p8MoF/iNW2sr0Hp3AeNcxMuvTiCkrJ+vU6wLAEwWrXjWk5g==",
            "content_md5": "2fc7dc3a1bcc7bac4504ac06ec30a42d",
            "content_sha1": "beffd62a6ade05503925c7edf39d498d352ab10f",
            "content_sha256": "027cc38b30e6d170a7dcee731ec45448f010a4748608912eb8d6ad03bbefcb05",
            "content_sha512": "d6895baa2034f2c7172beb6ec54b151794d494d794aae1b2840856317ea9f0ca05fe2356dacaf41e9dc078d73132ebd388292b27ebd4eb02c01305ab5e35a4e6",
            "directory_permission": "0700",
            "file_permission": "0700",
            "filename": "web-ha-key.pem",
            "id": "beffd62a6ade05503925c7edf39d498d352ab10f",
            "source": null
          },
          "sensitive_attributes": [
            [
              {
                "type": "get_attr",
                "value": "content"
              }
            ],
            [
              {
                "type": "get_attr",
                "value": "content_base64"
              }
            ]
          ],
          "identity_schema_version": 0,
          "dependencies": [
            "tls_private_key.vm_key"
          ]
        }
      ]
    },
    {
      "mode": "managed",
      "type": "random_string",
      "name": "sfx",
      "provider": "provider[\"registry.terraform.io/hashicorp/random\"]",
      "instances": [
        {
          "schema_version": 2,
          "attributes": {
            "id": "xmrw",
            "keepers": null,
            "length": 4,
            "lower": true,
            "min_lower": 0,
            "min_numeric": 0,
            "min_special": 0,
            "min_upper": 0,
            "number": true,
            "numeric": true,
            "override_special": null,
            "result": "xmrw",
            "special": false,
            "upper": false
          },
          "sensitive_attributes": [],
          "identity_schema_version": 0
        }
      ]
    },
    {
      "mode": "managed",
      "type": "tls_private_key",
      "name": "vm_key",
      "provider": "provider[\"registry.terraform.io/hashicorp/tls\"]",
      "instances": [
        {
          "schema_version": 1,
          "attributes": {
            "algorithm": "RSA",
            "ecdsa_curve": "P224",
            "id": "7872456829874e7d23cac076fa20040361714964",
            "private_key_openssh": "-----BEGIN OPENSSH PRIVATE KEY-----\nb3BlbnNzaC1rZXktdjEAAAAABG5vbmUAAAAEbm9uZQAAAAAAAAABAAACFwAAAAdz\nc2gtcnNhAAAAAwEAAQAAAgEAz6F62czaP1SVjftCNq16aQtO9LegY0kZGe0EFDOB\n3JAVFqOBa0P3Hp8scTgQTfdfsy9yN4qzpe/4gAm33q9Owa21yuKPkTP+zNjPNmnX\nK0DoycWONFrau4gxXwGEwNavEt0UiaNk5sBx4O19Rvb0Ixgn1q3F+kCcUnnEUkfO\ntsExxeInb+31WD8/X5lrsd+fArXwO5/QebjEpB4qg/+G44S5yNAWu2qEFuYM1uw8\ngnnXD48QQUwBP6CaVp0Rqgc4yxkVAVq7gEJEoqvTv5Wu5N73ysoPts8QXnHCIW1c\n7oBJuuTy4QN/Upen55wD2Ow+h0yBDIh75gmU1d2Ut0GW24YMlQTTbR3EScjQl21v\n2y1OaRimcOwThDrbKxnVgoKsr8jelj90BWolUFaBeHJ7lVMJABZK2NhRn2A/zFia\n7Y3bzYva1M/pLwIGpkK55u92NKTP4RmMj/OeGcJLvOqH69bleTnR6l5+f9EZVYwv\n2KhLLizD0MxopiC0AdRG+WDNr4It0XM9dK0pfr81FFyUKlKA09wbk+EgAotcKf5u\nXrCGXMVXQruv15PYCXMP6HFfJaWlkTgmS58sUkIhpJ9vAqogD+eZLzIif5J1dyhN\nfoJEZfjCiKJp6tOi5ebJFMuWxUjBc1l2G/YM4tRo7sO5qkoo+t9vHjbIZhWoGG8o\nrskAAAc4BtILmQbSC5kAAAAHc3NoLXJzYQAAAgEAz6F62czaP1SVjftCNq16aQtO\n9LegY0kZGe0EFDOB3JAVFqOBa0P3Hp8scTgQTfdfsy9yN4qzpe/4gAm33q9Owa21\nyuKPkTP+zNjPNmnXK0DoycWONFrau4gxXwGEwNavEt0UiaNk5sBx4O19Rvb0Ixgn\n1q3F+kCcUnnEUkfOtsExxeInb+31WD8/X5lrsd+fArXwO5/QebjEpB4qg/+G44S5\nyNAWu2qEFuYM1uw8gnnXD48QQUwBP6CaVp0Rqgc4yxkVAVq7gEJEoqvTv5Wu5N73\nysoPts8QXnHCIW1c7oBJuuTy4QN/Upen55wD2Ow+h0yBDIh75gmU1d2Ut0GW24YM\nlQTTbR3EScjQl21v2y1OaRimcOwThDrbKxnVgoKsr8jelj90BWolUFaBeHJ7lVMJ\nABZK2NhRn2A/zFia7Y3bzYva1M/pLwIGpkK55u92NKTP4RmMj/OeGcJLvOqH69bl\neTnR6l5+f9EZVYwv2KhLLizD0MxopiC0AdRG+WDNr4It0XM9dK0pfr81FFyUKlKA\n09wbk+EgAotcKf5uXrCGXMVXQruv15PYCXMP6HFfJaWlkTgmS58sUkIhpJ9vAqog\nD+eZLzIif5J1dyhNfoJEZfjCiKJp6tOi5ebJFMuWxUjBc1l2G/YM4tRo7sO5qkoo\n+t9vHjbIZhWoGG8orskAAAADAQABAAACAGC4Z2MII26290gBkJGp9Ej0pJ4o4AUA\nKzpBh9HlQIw/biNynTobmgVgvrIrHKVFJAZzhrBK427cP5VdcZLBdV2RjwroyVop\nr3s7UCOX4Ezc2tQLPDg1TolnYyBPs8ik+T8/T27id4FqimHuH5qsNYQXn49Iud3e\ntTNSV9rAapIFoyr8M8TXQ6ANLndZH6rnccoweK09wD7DjI6rIsEEipB35peeH8jE\nUK3eEoMX3wQkv8MWsMrKHhbGuL66Ql1DKfiqQXe1DX0s4Y4pnuUzVBp3p1SHFhTh\nlk14jqdFq7HKfw4Z0u5w06Hk1al1qvEk8+fRApiVB6pcMkICC2Hmot/fXWq+Quuw\nWsW1ui4JhMgUxI06yER/FnasYClLUnFXfzMzjKrpxjN7oCKCbxjMyLlS2PSuhZqM\nLdUmqIZoNujsDOajdQzCbxgUMpS8nPAjUiC8HzU2kSKEsiH2WhMetAt2+k6Vl600\ngYmNh3HC2KQ1m4vY3ggE3gpKhyAIBiHQAhdvggrrC/0uE4i6QnEglXaXqoQuBwlg\nqJauW3MQVmVbbECYnUeOu9GKVqS6SO/C+yxkwCGJIznVSFDD/f/zZPKfNxZ+kVep\nC1ZfxlrpHlBbl3PicHlnxJWmRyUQd1W2fHmdYM2vWJgvSg2bDhpUVf/SSnmFM8Ex\nME56EJY6CvLFAAABAQDDpSIG2TN599RkrWxxv+LsO5MOG/soJ3mPg2wav+4j2ewZ\nofWRkXK7GrpgqJHpB52j+l2xGsM3Op+DqFyVt8r6TTbm9tpZQ7nj8OnrHzBSmgnM\nhHYuinkDLRumzsFal/ZZksCgdr4PI95ByNKyYHIT4e17rgH2O6CHkmylWhscgFye\n6j5wK+XThSn8xqoMkCHI/ktij0ahy0LvYiVsW0roea4kF/wK9FZn/k8KORTuFlFN\ne1TIicpWAvCgd/XEqM+CiJNUVvVDr08aDCHZ9/f0XQqKui2mWn7e3CXPpXNvQ/bM\nBcxSWVqKcl9HWvEb9f/RAt255n/wXIrabkDSJmTNAAABAQDj9CvsgRogRB5K1sip\nPwBpOMs+eFfaxBUJGZF1ajPwb7QcjOylwSdXbG655CnfopeCjxMhBD1UhUwpjX9q\nNVHBHXWijj7ufcoY5DvcZU//KWDa/2kcxuFah60UJ/zOm6tgc9qR12bwssYGkPCb\nV3PuIHJmMGdUFyTIqe2jNwg/iLWa/UH/2Zb+q24/k81DSe4LekmDLUZ/FahmkUF4\niRwCwPKB+/lpWGMaOo2w7Y5JiG0bpMD9VJrKuvNYJ1TGK6udYkpcZIr3p3ebC18G\nIT/AETZ83Q49pxJ2sv4qi94iXEIuwVjq7gWya8Huwhbmo8JhSnf9KwR94zVKwkBh\nf+67AAABAQDpLTJ7rw87u9chTO9QGppV9g3A6RVKipzUVcp7yzS6TKh3WV1oA4q7\nPWMpmklEQS4VsAYz54yZUgl3vKXLU4L4gj9SdsVdB+vjnqFQhcXAqPdkFRFCRsRo\n92BB3bx2l/OGmsM1ksuTcLnkJoIeqyL5g0e+EvBtNQbgs8eBWg3XM45Ls8oUyTge\nTF2LxU6NoifXScsNsdKn4h/KKU7x56lI8GyLii0wM4M3JFrSIMrF7jjhG2a9AWmm\nVHUOsyDNin++OwchIXy4o9b1+XJOjiQ6Tn4zA+kHijkVCrXv8Mlu9NP45kI6WtfI\n9vrVo09JKcLpF9X+tQyofTatEfdCQFpLAAAAAAEC\n-----END OPENSSH PRIVATE KEY-----\n",
            "private_key_pem": "-----BEGIN RSA PRIVATE KEY-----\nMIIJKQIBAAKCAgEAz6F62czaP1SVjftCNq16aQtO9LegY0kZGe0EFDOB3JAVFqOB\na0P3Hp8scTgQTfdfsy9yN4qzpe/4gAm33q9Owa21yuKPkTP+zNjPNmnXK0DoycWO\nNFrau4gxXwGEwNavEt0UiaNk5sBx4O19Rvb0Ixgn1q3F+kCcUnnEUkfOtsExxeIn\nb+31WD8/X5lrsd+fArXwO5/QebjEpB4qg/+G44S5yNAWu2qEFuYM1uw8gnnXD48Q\nQUwBP6CaVp0Rqgc4yxkVAVq7gEJEoqvTv5Wu5N73ysoPts8QXnHCIW1c7oBJuuTy\n4QN/Upen55wD2Ow+h0yBDIh75gmU1d2Ut0GW24YMlQTTbR3EScjQl21v2y1OaRim\ncOwThDrbKxnVgoKsr8jelj90BWolUFaBeHJ7lVMJABZK2NhRn2A/zFia7Y3bzYva\n1M/pLwIGpkK55u92NKTP4RmMj/OeGcJLvOqH69bleTnR6l5+f9EZVYwv2KhLLizD\n0MxopiC0AdRG+WDNr4It0XM9dK0pfr81FFyUKlKA09wbk+EgAotcKf5uXrCGXMVX\nQruv15PYCXMP6HFfJaWlkTgmS58sUkIhpJ9vAqogD+eZLzIif5J1dyhNfoJEZfjC\niKJp6tOi5ebJFMuWxUjBc1l2G/YM4tRo7sO5qkoo+t9vHjbIZhWoGG8orskCAwEA\nAQKCAgBguGdjCCNutvdIAZCRqfRI9KSeKOAFACs6QYfR5UCMP24jcp06G5oFYL6y\nKxylRSQGc4awSuNu3D+VXXGSwXVdkY8K6MlaKa97O1Ajl+BM3NrUCzw4NU6JZ2Mg\nT7PIpPk/P09u4neBaoph7h+arDWEF5+PSLnd3rUzUlfawGqSBaMq/DPE10OgDS53\nWR+q53HKMHitPcA+w4yOqyLBBIqQd+aXnh/IxFCt3hKDF98EJL/DFrDKyh4Wxri+\nukJdQyn4qkF3tQ19LOGOKZ7lM1Qad6dUhxYU4ZZNeI6nRauxyn8OGdLucNOh5NWp\ndarxJPPn0QKYlQeqXDJCAgth5qLf311qvkLrsFrFtbouCYTIFMSNOshEfxZ2rGAp\nS1JxV38zM4yq6cYze6Aigm8YzMi5Utj0roWajC3VJqiGaDbo7Azmo3UMwm8YFDKU\nvJzwI1IgvB81NpEihLIh9loTHrQLdvpOlZetNIGJjYdxwtikNZuL2N4IBN4KSocg\nCAYh0AIXb4IK6wv9LhOIukJxIJV2l6qELgcJYKiWrltzEFZlW2xAmJ1HjrvRilak\nukjvwvssZMAhiSM51UhQw/3/82TynzcWfpFXqQtWX8Za6R5QW5dz4nB5Z8SVpkcl\nEHdVtnx5nWDNr1iYL0oNmw4aVFX/0kp5hTPBMTBOehCWOgryxQKCAQEA4/Qr7IEa\nIEQeStbIqT8AaTjLPnhX2sQVCRmRdWoz8G+0HIzspcEnV2xuueQp36KXgo8TIQQ9\nVIVMKY1/ajVRwR11oo4+7n3KGOQ73GVP/ylg2v9pHMbhWoetFCf8zpurYHPakddm\n8LLGBpDwm1dz7iByZjBnVBckyKntozcIP4i1mv1B/9mW/qtuP5PNQ0nuC3pJgy1G\nfxWoZpFBeIkcAsDygfv5aVhjGjqNsO2OSYhtG6TA/VSayrrzWCdUxiurnWJKXGSK\n96d3mwtfBiE/wBE2fN0OPacSdrL+KoveIlxCLsFY6u4FsmvB7sIW5qPCYUp3/SsE\nfeM1SsJAYX/uuwKCAQEA6S0ye68PO7vXIUzvUBqaVfYNwOkVSoqc1FXKe8s0ukyo\nd1ldaAOKuz1jKZpJREEuFbAGM+eMmVIJd7yly1OC+II/UnbFXQfr456hUIXFwKj3\nZBURQkbEaPdgQd28dpfzhprDNZLLk3C55CaCHqsi+YNHvhLwbTUG4LPHgVoN1zOO\nS7PKFMk4Hkxdi8VOjaIn10nLDbHSp+IfyilO8eepSPBsi4otMDODNyRa0iDKxe44\n4RtmvQFpplR1DrMgzYp/vjsHISF8uKPW9flyTo4kOk5+MwPpB4o5FQq17/DJbvTT\n+OZCOlrXyPb61aNPSSnC6RfV/rUMqH02rRH3QkBaSwKCAQEAo027YdUjSFZEdUzl\nuAnAW6EqSXihR8INZ9V/VWReDTOZDpMOvbhgXMr7kASa0vGCJTAmfhKxdSmBZItP\n6mCETxqxuWC6SNSowahQEhYqdxvHnVw4izsXGmn0Xmo/PCxdW93jiXOM9Ya9Qtr2\n4/KExOVNz1OB0sY5vd+utKyqJgnkQEKK06Wn/I4Hj1htRnViKarTmzwGMujrGX+a\nLaXcAUUE9oXzKbr+VD36X/PvaVJpB9LBxzqjIfVIe7DBlK6YZUmTCBmnTMAWeWZu\nDtAnAYvTQySCHTzhh1O3rfdBjdAWQbSV5MfcIPP9nPRCv7w1dsmIqD/3GdB5zzLW\nOIMUHQKCAQAwgV9sDTmNAoE5AykRL8eFND8eLx5nuDfxj7skT1wzmPi+gw+EMKBu\nXNHA+MBe+3QbvNc9euBrkH45szuF9WRcT7PecqiRtrEiU4BZIMrHTh7QafWCJPh8\noWEbsoWe4fMdwBn1jgjdLejthfkxagZHg0CsUIJFJW+91Ige513Ts3zZUJgsBMOw\nwc//4FZ77gx9o3Mi8SfSFp7oTfmHJtq3OpRJ3r+RtFWKZfyik4G69NhOM4YGsUGK\nAS2sliSvvSzfpKXSBYZNXn+8AVz+7GCq5GMqN5kFIYLIVscMF7m/ZByoPTXvr7AN\ntRru0B8RKCfMl1HDv2PXtNxn2kHmPT7LAoIBAQDDpSIG2TN599RkrWxxv+LsO5MO\nG/soJ3mPg2wav+4j2ewZofWRkXK7GrpgqJHpB52j+l2xGsM3Op+DqFyVt8r6TTbm\n9tpZQ7nj8OnrHzBSmgnMhHYuinkDLRumzsFal/ZZksCgdr4PI95ByNKyYHIT4e17\nrgH2O6CHkmylWhscgFye6j5wK+XThSn8xqoMkCHI/ktij0ahy0LvYiVsW0roea4k\nF/wK9FZn/k8KORTuFlFNe1TIicpWAvCgd/XEqM+CiJNUVvVDr08aDCHZ9/f0XQqK\nui2mWn7e3CXPpXNvQ/bMBcxSWVqKcl9HWvEb9f/RAt255n/wXIrabkDSJmTN\n-----END RSA PRIVATE KEY-----\n",
            "private_key_pem_pkcs8": "-----BEGIN PRIVATE KEY-----\nMIIJQwIBADANBgkqhkiG9w0BAQEFAASCCS0wggkpAgEAAoICAQDPoXrZzNo/VJWN\n+0I2rXppC070t6BjSRkZ7QQUM4HckBUWo4FrQ/cenyxxOBBN91+zL3I3irOl7/iA\nCbfer07BrbXK4o+RM/7M2M82adcrQOjJxY40Wtq7iDFfAYTA1q8S3RSJo2TmwHHg\n7X1G9vQjGCfWrcX6QJxSecRSR862wTHF4idv7fVYPz9fmWux358CtfA7n9B5uMSk\nHiqD/4bjhLnI0Ba7aoQW5gzW7DyCedcPjxBBTAE/oJpWnRGqBzjLGRUBWruAQkSi\nq9O/la7k3vfKyg+2zxBeccIhbVzugEm65PLhA39Sl6fnnAPY7D6HTIEMiHvmCZTV\n3ZS3QZbbhgyVBNNtHcRJyNCXbW/bLU5pGKZw7BOEOtsrGdWCgqyvyN6WP3QFaiVQ\nVoF4cnuVUwkAFkrY2FGfYD/MWJrtjdvNi9rUz+kvAgamQrnm73Y0pM/hGYyP854Z\nwku86ofr1uV5OdHqXn5/0RlVjC/YqEsuLMPQzGimILQB1Eb5YM2vgi3Rcz10rSl+\nvzUUXJQqUoDT3BuT4SACi1wp/m5esIZcxVdCu6/Xk9gJcw/ocV8lpaWROCZLnyxS\nQiGkn28CqiAP55kvMiJ/knV3KE1+gkRl+MKIomnq06Ll5skUy5bFSMFzWXYb9gzi\n1Gjuw7mqSij6328eNshmFagYbyiuyQIDAQABAoICAGC4Z2MII26290gBkJGp9Ej0\npJ4o4AUAKzpBh9HlQIw/biNynTobmgVgvrIrHKVFJAZzhrBK427cP5VdcZLBdV2R\njwroyVopr3s7UCOX4Ezc2tQLPDg1TolnYyBPs8ik+T8/T27id4FqimHuH5qsNYQX\nn49Iud3etTNSV9rAapIFoyr8M8TXQ6ANLndZH6rnccoweK09wD7DjI6rIsEEipB3\n5peeH8jEUK3eEoMX3wQkv8MWsMrKHhbGuL66Ql1DKfiqQXe1DX0s4Y4pnuUzVBp3\np1SHFhThlk14jqdFq7HKfw4Z0u5w06Hk1al1qvEk8+fRApiVB6pcMkICC2Hmot/f\nXWq+QuuwWsW1ui4JhMgUxI06yER/FnasYClLUnFXfzMzjKrpxjN7oCKCbxjMyLlS\n2PSuhZqMLdUmqIZoNujsDOajdQzCbxgUMpS8nPAjUiC8HzU2kSKEsiH2WhMetAt2\n+k6Vl600gYmNh3HC2KQ1m4vY3ggE3gpKhyAIBiHQAhdvggrrC/0uE4i6QnEglXaX\nqoQuBwlgqJauW3MQVmVbbECYnUeOu9GKVqS6SO/C+yxkwCGJIznVSFDD/f/zZPKf\nNxZ+kVepC1ZfxlrpHlBbl3PicHlnxJWmRyUQd1W2fHmdYM2vWJgvSg2bDhpUVf/S\nSnmFM8ExME56EJY6CvLFAoIBAQDj9CvsgRogRB5K1sipPwBpOMs+eFfaxBUJGZF1\najPwb7QcjOylwSdXbG655CnfopeCjxMhBD1UhUwpjX9qNVHBHXWijj7ufcoY5Dvc\nZU//KWDa/2kcxuFah60UJ/zOm6tgc9qR12bwssYGkPCbV3PuIHJmMGdUFyTIqe2j\nNwg/iLWa/UH/2Zb+q24/k81DSe4LekmDLUZ/FahmkUF4iRwCwPKB+/lpWGMaOo2w\n7Y5JiG0bpMD9VJrKuvNYJ1TGK6udYkpcZIr3p3ebC18GIT/AETZ83Q49pxJ2sv4q\ni94iXEIuwVjq7gWya8Huwhbmo8JhSnf9KwR94zVKwkBhf+67AoIBAQDpLTJ7rw87\nu9chTO9QGppV9g3A6RVKipzUVcp7yzS6TKh3WV1oA4q7PWMpmklEQS4VsAYz54yZ\nUgl3vKXLU4L4gj9SdsVdB+vjnqFQhcXAqPdkFRFCRsRo92BB3bx2l/OGmsM1ksuT\ncLnkJoIeqyL5g0e+EvBtNQbgs8eBWg3XM45Ls8oUyTgeTF2LxU6NoifXScsNsdKn\n4h/KKU7x56lI8GyLii0wM4M3JFrSIMrF7jjhG2a9AWmmVHUOsyDNin++OwchIXy4\no9b1+XJOjiQ6Tn4zA+kHijkVCrXv8Mlu9NP45kI6WtfI9vrVo09JKcLpF9X+tQyo\nfTatEfdCQFpLAoIBAQCjTbth1SNIVkR1TOW4CcBboSpJeKFHwg1n1X9VZF4NM5kO\nkw69uGBcyvuQBJrS8YIlMCZ+ErF1KYFki0/qYIRPGrG5YLpI1KjBqFASFip3G8ed\nXDiLOxcaafReaj88LF1b3eOJc4z1hr1C2vbj8oTE5U3PU4HSxjm93660rKomCeRA\nQorTpaf8jgePWG1GdWIpqtObPAYy6OsZf5otpdwBRQT2hfMpuv5UPfpf8+9pUmkH\n0sHHOqMh9Uh7sMGUrphlSZMIGadMwBZ5Zm4O0CcBi9NDJIIdPOGHU7et90GN0BZB\ntJXkx9wg8/2c9EK/vDV2yYioP/cZ0HnPMtY4gxQdAoIBADCBX2wNOY0CgTkDKREv\nx4U0Px4vHme4N/GPuyRPXDOY+L6DD4QwoG5c0cD4wF77dBu81z164GuQfjmzO4X1\nZFxPs95yqJG2sSJTgFkgysdOHtBp9YIk+HyhYRuyhZ7h8x3AGfWOCN0t6O2F+TFq\nBkeDQKxQgkUlb73UiB7nXdOzfNlQmCwEw7DBz//gVnvuDH2jcyLxJ9IWnuhN+Ycm\n2rc6lEnev5G0VYpl/KKTgbr02E4zhgaxQYoBLayWJK+9LN+kpdIFhk1ef7wBXP7s\nYKrkYyo3mQUhgshWxwwXub9kHKg9Ne+vsA21Gu7QHxEoJ8yXUcO/Y9e03GfaQeY9\nPssCggEBAMOlIgbZM3n31GStbHG/4uw7kw4b+ygneY+DbBq/7iPZ7Bmh9ZGRcrsa\numCokekHnaP6XbEawzc6n4OoXJW3yvpNNub22llDuePw6esfMFKaCcyEdi6KeQMt\nG6bOwVqX9lmSwKB2vg8j3kHI0rJgchPh7XuuAfY7oIeSbKVaGxyAXJ7qPnAr5dOF\nKfzGqgyQIcj+S2KPRqHLQu9iJWxbSuh5riQX/Ar0Vmf+Two5FO4WUU17VMiJylYC\n8KB39cSoz4KIk1RW9UOvTxoMIdn39/RdCoq6LaZaft7cJc+lc29D9swFzFJZWopy\nX0da8Rv1/9EC3bnmf/BcitpuQNImZM0=\n-----END PRIVATE KEY-----\n",
            "public_key_fingerprint_md5": "99:fe:37:57:36:a8:ac:06:d1:f3:59:cb:58:18:04:dc",
            "public_key_fingerprint_sha256": "SHA256:J62oRjlGZpTjHoFpJFjurl0Hv0OfC/XrC0sY0UeXxJs",
            "public_key_openssh": "ssh-rsa AAAAB3NzaC1yc2EAAAADAQABAAACAQDPoXrZzNo/VJWN+0I2rXppC070t6BjSRkZ7QQUM4HckBUWo4FrQ/cenyxxOBBN91+zL3I3irOl7/iACbfer07BrbXK4o+RM/7M2M82adcrQOjJxY40Wtq7iDFfAYTA1q8S3RSJo2TmwHHg7X1G9vQjGCfWrcX6QJxSecRSR862wTHF4idv7fVYPz9fmWux358CtfA7n9B5uMSkHiqD/4bjhLnI0Ba7aoQW5gzW7DyCedcPjxBBTAE/oJpWnRGqBzjLGRUBWruAQkSiq9O/la7k3vfKyg+2zxBeccIhbVzugEm65PLhA39Sl6fnnAPY7D6HTIEMiHvmCZTV3ZS3QZbbhgyVBNNtHcRJyNCXbW/bLU5pGKZw7BOEOtsrGdWCgqyvyN6WP3QFaiVQVoF4cnuVUwkAFkrY2FGfYD/MWJrtjdvNi9rUz+kvAgamQrnm73Y0pM/hGYyP854Zwku86ofr1uV5OdHqXn5/0RlVjC/YqEsuLMPQzGimILQB1Eb5YM2vgi3Rcz10rSl+vzUUXJQqUoDT3BuT4SACi1wp/m5esIZcxVdCu6/Xk9gJcw/ocV8lpaWROCZLnyxSQiGkn28CqiAP55kvMiJ/knV3KE1+gkRl+MKIomnq06Ll5skUy5bFSMFzWXYb9gzi1Gjuw7mqSij6328eNshmFagYbyiuyQ==\n",
            "public_key_pem": "-----BEGIN PUBLIC KEY-----\nMIICIjANBgkqhkiG9w0BAQEFAAOCAg8AMIICCgKCAgEAz6F62czaP1SVjftCNq16\naQtO9LegY0kZGe0EFDOB3JAVFqOBa0P3Hp8scTgQTfdfsy9yN4qzpe/4gAm33q9O\nwa21yuKPkTP+zNjPNmnXK0DoycWONFrau4gxXwGEwNavEt0UiaNk5sBx4O19Rvb0\nIxgn1q3F+kCcUnnEUkfOtsExxeInb+31WD8/X5lrsd+fArXwO5/QebjEpB4qg/+G\n44S5yNAWu2qEFuYM1uw8gnnXD48QQUwBP6CaVp0Rqgc4yxkVAVq7gEJEoqvTv5Wu\n5N73ysoPts8QXnHCIW1c7oBJuuTy4QN/Upen55wD2Ow+h0yBDIh75gmU1d2Ut0GW\n24YMlQTTbR3EScjQl21v2y1OaRimcOwThDrbKxnVgoKsr8jelj90BWolUFaBeHJ7\nlVMJABZK2NhRn2A/zFia7Y3bzYva1M/pLwIGpkK55u92NKTP4RmMj/OeGcJLvOqH\n69bleTnR6l5+f9EZVYwv2KhLLizD0MxopiC0AdRG+WDNr4It0XM9dK0pfr81FFyU\nKlKA09wbk+EgAotcKf5uXrCGXMVXQruv15PYCXMP6HFfJaWlkTgmS58sUkIhpJ9v\nAqogD+eZLzIif5J1dyhNfoJEZfjCiKJp6tOi5ebJFMuWxUjBc1l2G/YM4tRo7sO5\nqkoo+t9vHjbIZhWoGG8orskCAwEAAQ==\n-----END PUBLIC KEY-----\n",
            "rsa_bits": 4096
          },
          "sensitive_attributes": [
            [
              {
                "type": "get_attr",
                "value": "private_key_openssh"
              }
            ],
            [
              {
                "type": "get_attr",
                "value": "private_key_pem"
              }
            ],
            [
              {
                "type": "get_attr",
                "value": "private_key_pem_pkcs8"
              }
            ]
          ],
          "identity_schema_version": 0
        }
      ]
    }
  ],
  "check_results": null
}
